
Microsoft Visual Studio Solution File, Format Version 12.00
# Visual Studio 15
VisualStudioVersion = 15.0.26124.0
MinimumVisualStudioVersion = 15.0.26124.0
Project("{2150E333-8FDC-42A3-9474-1A3956D46DE8}") = "src", "src", "{8862FB5B-A01F-4595-962A-5B323907CB8A}"
EndProject
Project("{FAE04EC0-301F-11D3-BF4B-00C04F79EFBC}") = "heitech.zer0mqXt.core", "src\heitech.zer0mqXt.core\heitech.zer0mqXt.core.csproj", "{BCA16952-EA70-4519-8939-B13E086BAB75}"
EndProject
Project("{2150E333-8FDC-42A3-9474-1A3956D46DE8}") = "tests", "tests", "{E29A52D6-EC4D-4C06-9BAB-CDB45042590F}"
EndProject
Project("{FAE04EC0-301F-11D3-BF4B-00C04F79EFBC}") = "zeromq.terminal", "tests\zeromq.terminal\zeromq.terminal.csproj", "{B7CC251B-5D65-4AC1-982F-6F1A80E977F6}"
EndProject
Project("{2150E333-8FDC-42A3-9474-1A3956D46DE8}") = "unit-tests", "unit-tests", "{C0D1D10F-FFCA-4AB1-9553-6B1A2D08DCC6}"
EndProject
Project("{FAE04EC0-301F-11D3-BF4B-00C04F79EFBC}") = "heitech.zer0mqXt.core.tests", "unit-tests\heitech.zer0mqXt.core.tests\heitech.zer0mqXt.core.tests.csproj", "{A2807DEE-210A-4AEA-9677-7D90AA9B44DE}"
EndProject
Global
	GlobalSection(SolutionConfigurationPlatforms) = preSolution
		Debug|Any CPU = Debug|Any CPU
		Debug|x64 = Debug|x64
		Debug|x86 = Debug|x86
		Release|Any CPU = Release|Any CPU
		Release|x64 = Release|x64
		Release|x86 = Release|x86
	EndGlobalSection
	GlobalSection(SolutionProperties) = preSolution
		HideSolutionNode = FALSE
	EndGlobalSection
	GlobalSection(ProjectConfigurationPlatforms) = postSolution
		{BCA16952-EA70-4519-8939-B13E086BAB75}.Debug|Any CPU.ActiveCfg = Debug|Any CPU
		{BCA16952-EA70-4519-8939-B13E086BAB75}.Debug|Any CPU.Build.0 = Debug|Any CPU
		{BCA16952-EA70-4519-8939-B13E086BAB75}.Debug|x64.ActiveCfg = Debug|Any CPU
		{BCA16952-EA70-4519-8939-B13E086BAB75}.Debug|x64.Build.0 = Debug|Any CPU
		{BCA16952-EA70-4519-8939-B13E086BAB75}.Debug|x86.ActiveCfg = Debug|Any CPU
		{BCA16952-EA70-4519-8939-B13E086BAB75}.Debug|x86.Build.0 = Debug|Any CPU
		{BCA16952-EA70-4519-8939-B13E086BAB75}.Release|Any CPU.ActiveCfg = Release|Any CPU
		{BCA16952-EA70-4519-8939-B13E086BAB75}.Release|Any CPU.Build.0 = Release|Any CPU
		{BCA16952-EA70-4519-8939-B13E086BAB75}.Release|x64.ActiveCfg = Release|Any CPU
		{BCA16952-EA70-4519-8939-B13E086BAB75}.Release|x64.Build.0 = Release|Any CPU
		{BCA16952-EA70-4519-8939-B13E086BAB75}.Release|x86.ActiveCfg = Release|Any CPU
		{BCA16952-EA70-4519-8939-B13E086BAB75}.Release|x86.Build.0 = Release|Any CPU
		{B7CC251B-5D65-4AC1-982F-6F1A80E977F6}.Debug|Any CPU.ActiveCfg = Debug|Any CPU
		{B7CC251B-5D65-4AC1-982F-6F1A80E977F6}.Debug|Any CPU.Build.0 = Debug|Any CPU
		{B7CC251B-5D65-4AC1-982F-6F1A80E977F6}.Debug|x64.ActiveCfg = Debug|Any CPU
		{B7CC251B-5D65-4AC1-982F-6F1A80E977F6}.Debug|x64.Build.0 = Debug|Any CPU
		{B7CC251B-5D65-4AC1-982F-6F1A80E977F6}.Debug|x86.ActiveCfg = Debug|Any CPU
		{B7CC251B-5D65-4AC1-982F-6F1A80E977F6}.Debug|x86.Build.0 = Debug|Any CPU
		{B7CC251B-5D65-4AC1-982F-6F1A80E977F6}.Release|Any CPU.ActiveCfg = Release|Any CPU
		{B7CC251B-5D65-4AC1-982F-6F1A80E977F6}.Release|Any CPU.Build.0 = Release|Any CPU
		{B7CC251B-5D65-4AC1-982F-6F1A80E977F6}.Release|x64.ActiveCfg = Release|Any CPU
		{B7CC251B-5D65-4AC1-982F-6F1A80E977F6}.Release|x64.Build.0 = Release|Any CPU
		{B7CC251B-5D65-4AC1-982F-6F1A80E977F6}.Release|x86.ActiveCfg = Release|Any CPU
		{B7CC251B-5D65-4AC1-982F-6F1A80E977F6}.Release|x86.Build.0 = Release|Any CPU
		{A2807DEE-210A-4AEA-9677-7D90AA9B44DE}.Debug|Any CPU.ActiveCfg = Debug|Any CPU
		{A2807DEE-210A-4AEA-9677-7D90AA9B44DE}.Debug|Any CPU.Build.0 = Debug|Any CPU
		{A2807DEE-210A-4AEA-9677-7D90AA9B44DE}.Debug|x64.ActiveCfg = Debug|Any CPU
		{A2807DEE-210A-4AEA-9677-7D90AA9B44DE}.Debug|x64.Build.0 = Debug|Any CPU
		{A2807DEE-210A-4AEA-9677-7D90AA9B44DE}.Debug|x86.ActiveCfg = Debug|Any CPU
		{A2807DEE-210A-4AEA-9677-7D90AA9B44DE}.Debug|x86.Build.0 = Debug|Any CPU
		{A2807DEE-210A-4AEA-9677-7D90AA9B44DE}.Release|Any CPU.ActiveCfg = Release|Any CPU
		{A2807DEE-210A-4AEA-9677-7D90AA9B44DE}.Release|Any CPU.Build.0 = Release|Any CPU
		{A2807DEE-210A-4AEA-9677-7D90AA9B44DE}.Release|x64.ActiveCfg = Release|Any CPU
		{A2807DEE-210A-4AEA-9677-7D90AA9B44DE}.Release|x64.Build.0 = Release|Any CPU
		{A2807DEE-210A-4AEA-9677-7D90AA9B44DE}.Release|x86.ActiveCfg = Release|Any CPU
		{A2807DEE-210A-4AEA-9677-7D90AA9B44DE}.Release|x86.Build.0 = Release|Any CPU
	EndGlobalSection
	GlobalSection(NestedProjects) = preSolution
		{BCA16952-EA70-4519-8939-B13E086BAB75} = {8862FB5B-A01F-4595-962A-5B323907CB8A}
		{B7CC251B-5D65-4AC1-982F-6F1A80E977F6} = {E29A52D6-EC4D-4C06-9BAB-CDB45042590F}
		{A2807DEE-210A-4AEA-9677-7D90AA9B44DE} = {C0D1D10F-FFCA-4AB1-9553-6B1A2D08DCC6}
	EndGlobalSection
EndGlobal
